
Microsoft Visual Studio Solution File, Format Version 12.00
# Visual Studio Version 17
VisualStudioVersion = 17.8.34511.84
MinimumVisualStudioVersion = 10.0.40219.1
Project("{FAE04EC0-301F-11D3-BF4B-00C04F79EFBC}") = "tutorial1_q2", "tutorial1_q2\tutorial1_q2.csproj", "{5C25113F-C4A1-4C3D-AC78-918E2DDE5107}"
EndProject
Global
	GlobalSection(SolutionConfigurationPlatforms) = preSolution
		Debug|Any CPU = Debug|Any CPU
		Release|Any CPU = Release|Any CPU
	EndGlobalSection
	GlobalSection(ProjectConfigurationPlatforms) = postSolution
		{5C25113F-C4A1-4C3D-AC78-918E2DDE5107}.Debug|Any CPU.ActiveCfg = Debug|Any CPU
		{5C25113F-C4A1-4C3D-AC78-918E2DDE5107}.Debug|Any CPU.Build.0 = Debug|Any CPU
		{5C25113F-C4A1-4C3D-AC78-918E2DDE5107}.Release|Any CPU.ActiveCfg = Release|Any CPU
		{5C25113F-C4A1-4C3D-AC78-918E2DDE5107}.Release|Any CPU.Build.0 = Release|Any CPU
	EndGlobalSection
	GlobalSection(SolutionProperties) = preSolution
		HideSolutionNode = FALSE
	EndGlobalSection
	GlobalSection(ExtensibilityGlobals) = postSolution
		SolutionGuid = {80399C1A-2899-473C-83B2-82F7C3790E60}
	EndGlobalSection
EndGlobal
