
Microsoft Visual Studio Solution File, Format Version 12.00
# Visual Studio Version 17
VisualStudioVersion = 17.8.34511.84
MinimumVisualStudioVersion = 10.0.40219.1
Project("{FAE04EC0-301F-11D3-BF4B-00C04F79EFBC}") = "tutorial2_q3", "tutorial2_q3\tutorial2_q3.csproj", "{492316D7-2EDD-41AC-AB9E-CAFB80ED4249}"
EndProject
Global
	GlobalSection(SolutionConfigurationPlatforms) = preSolution
		Debug|Any CPU = Debug|Any CPU
		Release|Any CPU = Release|Any CPU
	EndGlobalSection
	GlobalSection(ProjectConfigurationPlatforms) = postSolution
		{492316D7-2EDD-41AC-AB9E-CAFB80ED4249}.Debug|Any CPU.ActiveCfg = Debug|Any CPU
		{492316D7-2EDD-41AC-AB9E-CAFB80ED4249}.Debug|Any CPU.Build.0 = Debug|Any CPU
		{492316D7-2EDD-41AC-AB9E-CAFB80ED4249}.Release|Any CPU.ActiveCfg = Release|Any CPU
		{492316D7-2EDD-41AC-AB9E-CAFB80ED4249}.Release|Any CPU.Build.0 = Release|Any CPU
	EndGlobalSection
	GlobalSection(SolutionProperties) = preSolution
		HideSolutionNode = FALSE
	EndGlobalSection
	GlobalSection(ExtensibilityGlobals) = postSolution
		SolutionGuid = {8CFDEB38-A2B5-4F7F-8AB0-957F2A0BE575}
	EndGlobalSection
EndGlobal
