
Microsoft Visual Studio Solution File, Format Version 12.00
# Visual Studio Version 17
VisualStudioVersion = 17.9.34607.119
MinimumVisualStudioVersion = 10.0.40219.1
Project("{FAE04EC0-301F-11D3-BF4B-00C04F79EFBC}") = "labSheet3_q4", "labSheet3_q4\labSheet3_q4.csproj", "{F1BDC39C-5B7F-431E-8A2E-6276A6585B4C}"
EndProject
Global
	GlobalSection(SolutionConfigurationPlatforms) = preSolution
		Debug|Any CPU = Debug|Any CPU
		Release|Any CPU = Release|Any CPU
	EndGlobalSection
	GlobalSection(ProjectConfigurationPlatforms) = postSolution
		{F1BDC39C-5B7F-431E-8A2E-6276A6585B4C}.Debug|Any CPU.ActiveCfg = Debug|Any CPU
		{F1BDC39C-5B7F-431E-8A2E-6276A6585B4C}.Debug|Any CPU.Build.0 = Debug|Any CPU
		{F1BDC39C-5B7F-431E-8A2E-6276A6585B4C}.Release|Any CPU.ActiveCfg = Release|Any CPU
		{F1BDC39C-5B7F-431E-8A2E-6276A6585B4C}.Release|Any CPU.Build.0 = Release|Any CPU
	EndGlobalSection
	GlobalSection(SolutionProperties) = preSolution
		HideSolutionNode = FALSE
	EndGlobalSection
	GlobalSection(ExtensibilityGlobals) = postSolution
		SolutionGuid = {4CCAB468-6071-4F39-8EA4-238A94A1C676}
	EndGlobalSection
EndGlobal
